
Microsoft Visual Studio Solution File, Format Version 12.00
# Visual Studio Version 17
VisualStudioVersion = 17.1.32228.430
MinimumVisualStudioVersion = 10.0.40219.1
Project("{FAE04EC0-301F-11D3-BF4B-00C04F79EFBC}") = "Mycoreapp", "Mycoreapp.csproj", "{03135928-333E-4E5E-8080-BBEB1AF63351}"
EndProject
Global
	GlobalSection(SolutionConfigurationPlatforms) = preSolution
		Debug|Any CPU = Debug|Any CPU
		Release|Any CPU = Release|Any CPU
	EndGlobalSection
	GlobalSection(ProjectConfigurationPlatforms) = postSolution
		{03135928-333E-4E5E-8080-BBEB1AF63351}.Debug|Any CPU.ActiveCfg = Debug|Any CPU
		{03135928-333E-4E5E-8080-BBEB1AF63351}.Debug|Any CPU.Build.0 = Debug|Any CPU
		{03135928-333E-4E5E-8080-BBEB1AF63351}.Release|Any CPU.ActiveCfg = Release|Any CPU
		{03135928-333E-4E5E-8080-BBEB1AF63351}.Release|Any CPU.Build.0 = Release|Any CPU
	EndGlobalSection
	GlobalSection(SolutionProperties) = preSolution
		HideSolutionNode = FALSE
	EndGlobalSection
	GlobalSection(ExtensibilityGlobals) = postSolution
		SolutionGuid = {02F2EBE6-4716-4264-A92A-B6831C1E2765}
	EndGlobalSection
EndGlobal
